{
  "name": "React JS",
  "lockfileVersion": 3,
  "requires": true,
  "packages": {
    "": {
      "dependencies": {
        "zipyai": "^1.7.38"
      }
    },
    "node_modules/@rrweb/types": {
      "version": "2.0.0-alpha.18",
      "resolved": "https://registry.npmjs.org/@rrweb/types/-/types-2.0.0-alpha.18.tgz",
      "integrity": "sha512-iMH3amHthJZ9x3gGmBPmdfim7wLGygC2GciIkw2A6SO8giSn8PHYtRT8OKNH4V+k3SZ6RSnYHcTQxBA7pSWZ3Q==",
      "license": "MIT"
    },
    "node_modules/@types/css-font-loading-module": {
      "version": "0.0.7",
      "resolved": "https://registry.npmjs.org/@types/css-font-loading-module/-/css-font-loading-module-0.0.7.tgz",
      "integrity": "sha512-nl09VhutdjINdWyXxHWN/w9zlNCfr60JUqJbd24YXUuCwgeL0TpFSdElCwb6cxfB6ybE19Gjj4g0jsgkXxKv1Q==",
      "license": "MIT"
    },
    "node_modules/@xstate/fsm": {
      "version": "1.6.5",
      "resolved": "https://registry.npmjs.org/@xstate/fsm/-/fsm-1.6.5.tgz",
      "integrity": "sha512-b5o1I6aLNeYlU/3CPlj/Z91ybk1gUsKT+5NAJI+2W4UjvS5KLG28K9v5UvNoFVjHV8PajVZ00RH3vnjyQO7ZAw==",
      "license": "MIT"
    },
    "node_modules/base64-arraybuffer": {
      "version": "1.0.2",
      "resolved": "https://registry.npmjs.org/base64-arraybuffer/-/base64-arraybuffer-1.0.2.tgz",
      "integrity": "sha512-I3yl4r9QB5ZRY3XuJVEPfc2XhZO6YweFPI+UovAzn+8/hb3oJ6lnysaFcjVpkCPfVWFUDvoZ8kmVDP7WyRtYtQ==",
      "license": "MIT",
      "engines": {
        "node": ">= 0.6.0"
      }
    },
    "node_modules/fflate": {
      "version": "0.8.2",
      "resolved": "https://registry.npmjs.org/fflate/-/fflate-0.8.2.tgz",
      "integrity": "sha512-cPJU47OaAoCbg0pBvzsgpTPhmhqI5eJjh/JIu8tPj5q+T7iLvW/JAYUqmE7KOB4R1ZyEhzBaIQpQpardBF5z8A==",
      "license": "MIT"
    },
    "node_modules/lz-string": {
      "version": "1.5.0",
      "resolved": "https://registry.npmjs.org/lz-string/-/lz-string-1.5.0.tgz",
      "integrity": "sha512-h5bgJWpxJNswbU7qCrV0tIKQCaS3blPDrqKWx+QxzuzL1zGUzij9XCWLrSLsJPu5t+eWA/ycetzYAO5IOMcWAQ==",
      "license": "MIT",
      "bin": {
        "lz-string": "bin/bin.js"
      }
    },
    "node_modules/mitt": {
      "version": "3.0.1",
      "resolved": "https://registry.npmjs.org/mitt/-/mitt-3.0.1.tgz",
      "integrity": "sha512-vKivATfr97l2/QBCYAkXYDbrIWPM2IIKEl7YPhjCvKlG3kE2gm+uBo6nEXK3M5/Ffh/FLpKExzOQ3JJoJGFKBw==",
      "license": "MIT"
    },
    "node_modules/nanoid": {
      "version": "3.3.8",
      "resolved": "https://registry.npmjs.org/nanoid/-/nanoid-3.3.8.tgz",
      "integrity": "sha512-WNLf5Sd8oZxOm+TzppcYk8gVOgP+l58xNy58D0nbUnOxOWRWvlcCV4kUF7ltmI6PsrLl/BgKEyS4mqsGChFN0w==",
      "funding": [
        {
          "type": "github",
          "url": "https://github.com/sponsors/ai"
        }
      ],
      "license": "MIT",
      "bin": {
        "nanoid": "bin/nanoid.cjs"
      },
      "engines": {
        "node": "^10 || ^12 || ^13.7 || ^14 || >=15.0.1"
      }
    },
    "node_modules/picocolors": {
      "version": "1.1.1",
      "resolved": "https://registry.npmjs.org/picocolors/-/picocolors-1.1.1.tgz",
      "integrity": "sha512-xceH2snhtb5M9liqDsmEw56le376mTZkEX/jEb/RxNFyegNul7eNslCXP9FDj/Lcu0X8KEyMceP2ntpaHrDEVA==",
      "license": "ISC"
    },
    "node_modules/postcss": {
      "version": "8.5.1",
      "resolved": "https://registry.npmjs.org/postcss/-/postcss-8.5.1.tgz",
      "integrity": "sha512-6oz2beyjc5VMn/KV1pPw8fliQkhBXrVn1Z3TVyqZxU8kZpzEKhBdmCFqI6ZbmGtamQvQGuU1sgPTk8ZrXDD7jQ==",
      "funding": [
        {
          "type": "opencollective",
          "url": "https://opencollective.com/postcss/"
        },
        {
          "type": "tidelift",
          "url": "https://tidelift.com/funding/github/npm/postcss"
        },
        {
          "type": "github",
          "url": "https://github.com/sponsors/ai"
        }
      ],
      "license": "MIT",
      "dependencies": {
        "nanoid": "^3.3.8",
        "picocolors": "^1.1.1",
        "source-map-js": "^1.2.1"
      },
      "engines": {
        "node": "^10 || ^12 || >=14"
      }
    },
    "node_modules/rrdom": {
      "version": "2.0.0-alpha.18",
      "resolved": "https://registry.npmjs.org/rrdom/-/rrdom-2.0.0-alpha.18.tgz",
      "integrity": "sha512-fSFzFFxbqAViITyYVA4Z0o5G6p1nEqEr/N8vdgSKie9Rn0FJxDSNJgjV0yiCIzcDs0QR+hpvgFhpbdZ6JIr5Nw==",
      "license": "MIT",
      "dependencies": {
        "rrweb-snapshot": "^2.0.0-alpha.18"
      }
    },
    "node_modules/rrweb-snapshot": {
      "version": "2.0.0-alpha.18",
      "resolved": "https://registry.npmjs.org/rrweb-snapshot/-/rrweb-snapshot-2.0.0-alpha.18.tgz",
      "integrity": "sha512-hBHZL/NfgQX6wO1D9mpwqFu1NJPpim+moIcKhFEjVTZVRUfCln+LOugRc4teVTCISYHN8Cw5e2iNTWCSm+SkoA==",
      "license": "MIT",
      "dependencies": {
        "postcss": "^8.4.38"
      }
    },
    "node_modules/source-map-js": {
      "version": "1.2.1",
      "resolved": "https://registry.npmjs.org/source-map-js/-/source-map-js-1.2.1.tgz",
      "integrity": "sha512-UXWMKhLOwVKb728IUtQPXxfYU+usdybtUrK/8uGE8CQMvrhOpwvzDBwj0QhSL7MQc7vIsISBG8VQ8+IDQxpfQA==",
      "license": "BSD-3-Clause",
      "engines": {
        "node": ">=0.10.0"
      }
    },
    "node_modules/uuid": {
      "version": "8.3.2",
      "resolved": "https://registry.npmjs.org/uuid/-/uuid-8.3.2.tgz",
      "integrity": "sha512-+NYs2QeMWy+GWFOEm9xnn6HCDp0l7QBD7ml8zLUmJ+93Q5NF0NocErnwkTkXVFNiX3/fpC6afS8Dhb/gz7R7eg==",
      "license": "MIT",
      "bin": {
        "uuid": "dist/bin/uuid"
      }
    },
    "node_modules/zipy-rrweb": {
      "version": "1.0.15",
      "resolved": "https://registry.npmjs.org/zipy-rrweb/-/zipy-rrweb-1.0.15.tgz",
      "integrity": "sha512-JgB1WZdtfrIli5XkL5nOh/CSCa8O6Sc+LhxhRtVPMMry11Oq5C8hljMumiZ4o1oclr9BSGh1Wca1AAVhbEwCFg==",
      "license": "MIT",
      "dependencies": {
        "@rrweb/types": "^2.0.0-alpha.7",
        "@types/css-font-loading-module": "0.0.7",
        "@xstate/fsm": "^1.4.0",
        "base64-arraybuffer": "^1.0.1",
        "fflate": "^0.4.4",
        "mitt": "^3.0.0",
        "rrdom": "^2.0.0-alpha.7",
        "rrweb-snapshot": "^2.0.0-alpha.7"
      }
    },
    "node_modules/zipy-rrweb/node_modules/fflate": {
      "version": "0.4.8",
      "resolved": "https://registry.npmjs.org/fflate/-/fflate-0.4.8.tgz",
      "integrity": "sha512-FJqqoDBR00Mdj9ppamLa/Y7vxm+PRmNWA67N846RvsoYVMKB4q3y/de5PA7gUmRMYK/8CMz2GDZQmCRN1wBcWA==",
      "license": "MIT"
    },
    "node_modules/zipyai": {
      "version": "1.7.38",
      "resolved": "https://registry.npmjs.org/zipyai/-/zipyai-1.7.38.tgz",
      "integrity": "sha512-KHlD9A7OKWDS5ZhoKHLab8R9BtaGO/TBAyCYayuwE8Xhp7PFaJ05ti3brzQOtQfELC8QWV8O705KIUNJ9u2mDg==",
      "license": "ISC",
      "dependencies": {
        "fflate": "^0.8.0",
        "lz-string": "^1.5.0",
        "uuid": "^8.3.2",
        "zipy-rrweb": "^1.0.15"
      }
    }
  }
}
